
Microsoft Visual Studio Solution File, Format Version 12.00
# Visual Studio Version 16
VisualStudioVersion = 16.0.30225.117
MinimumVisualStudioVersion = 10.0.40219.1
Project("{FAE04EC0-301F-11D3-BF4B-00C04F79EFBC}") = "StudentManage", "StudentManage\StudentManage.csproj", "{383ED4B2-B23B-48D7-B976-9424F9EC75D1}"
EndProject
Project("{FAE04EC0-301F-11D3-BF4B-00C04F79EFBC}") = "StudentManageDAL", "GradeDAL\StudentManageDAL.csproj", "{4116D739-20DF-458A-9566-528C18F6E6EF}"
EndProject
Project("{FAE04EC0-301F-11D3-BF4B-00C04F79EFBC}") = "StudentManageBLL", "StudentManageBLL\StudentManageBLL.csproj", "{2A4BF3BF-C628-49C6-9536-9D649CA35A09}"
EndProject
Project("{FAE04EC0-301F-11D3-BF4B-00C04F79EFBC}") = "Model", "Model\Model.csproj", "{C47371C9-CF1B-419C-841D-45B11142044F}"
EndProject
Project("{FAE04EC0-301F-11D3-BF4B-00C04F79EFBC}") = "SQLDAL", "SQLDAL\SQLDAL.csproj", "{DF4735B0-3B8D-47DC-ADE1-8AE222931C17}"
EndProject
Global
	GlobalSection(SolutionConfigurationPlatforms) = preSolution
		Debug|Any CPU = Debug|Any CPU
		Release|Any CPU = Release|Any CPU
	EndGlobalSection
	GlobalSection(ProjectConfigurationPlatforms) = postSolution
		{383ED4B2-B23B-48D7-B976-9424F9EC75D1}.Debug|Any CPU.ActiveCfg = Debug|Any CPU
		{383ED4B2-B23B-48D7-B976-9424F9EC75D1}.Debug|Any CPU.Build.0 = Debug|Any CPU
		{383ED4B2-B23B-48D7-B976-9424F9EC75D1}.Release|Any CPU.ActiveCfg = Release|Any CPU
		{383ED4B2-B23B-48D7-B976-9424F9EC75D1}.Release|Any CPU.Build.0 = Release|Any CPU
		{4116D739-20DF-458A-9566-528C18F6E6EF}.Debug|Any CPU.ActiveCfg = Debug|Any CPU
		{4116D739-20DF-458A-9566-528C18F6E6EF}.Debug|Any CPU.Build.0 = Debug|Any CPU
		{4116D739-20DF-458A-9566-528C18F6E6EF}.Release|Any CPU.ActiveCfg = Release|Any CPU
		{4116D739-20DF-458A-9566-528C18F6E6EF}.Release|Any CPU.Build.0 = Release|Any CPU
		{2A4BF3BF-C628-49C6-9536-9D649CA35A09}.Debug|Any CPU.ActiveCfg = Debug|Any CPU
		{2A4BF3BF-C628-49C6-9536-9D649CA35A09}.Debug|Any CPU.Build.0 = Debug|Any CPU
		{2A4BF3BF-C628-49C6-9536-9D649CA35A09}.Release|Any CPU.ActiveCfg = Release|Any CPU
		{2A4BF3BF-C628-49C6-9536-9D649CA35A09}.Release|Any CPU.Build.0 = Release|Any CPU
		{C47371C9-CF1B-419C-841D-45B11142044F}.Debug|Any CPU.ActiveCfg = Debug|Any CPU
		{C47371C9-CF1B-419C-841D-45B11142044F}.Debug|Any CPU.Build.0 = Debug|Any CPU
		{C47371C9-CF1B-419C-841D-45B11142044F}.Release|Any CPU.ActiveCfg = Release|Any CPU
		{C47371C9-CF1B-419C-841D-45B11142044F}.Release|Any CPU.Build.0 = Release|Any CPU
		{DF4735B0-3B8D-47DC-ADE1-8AE222931C17}.Debug|Any CPU.ActiveCfg = Debug|Any CPU
		{DF4735B0-3B8D-47DC-ADE1-8AE222931C17}.Debug|Any CPU.Build.0 = Debug|Any CPU
		{DF4735B0-3B8D-47DC-ADE1-8AE222931C17}.Release|Any CPU.ActiveCfg = Release|Any CPU
		{DF4735B0-3B8D-47DC-ADE1-8AE222931C17}.Release|Any CPU.Build.0 = Release|Any CPU
	EndGlobalSection
	GlobalSection(SolutionProperties) = preSolution
		HideSolutionNode = FALSE
	EndGlobalSection
	GlobalSection(ExtensibilityGlobals) = postSolution
		SolutionGuid = {F2306CEB-D864-40FA-86CA-8E07725E8726}
	EndGlobalSection
EndGlobal
